
Microsoft Visual Studio Solution File, Format Version 12.00
# Visual Studio Version 17
VisualStudioVersion = 17.11.35208.52
MinimumVisualStudioVersion = 10.0.40219.1
Project("{FAE04EC0-301F-11D3-BF4B-00C04F79EFBC}") = "alapitvany_VB", "alapitvany_VB.csproj", "{2D617933-97D7-4A5E-9558-532BF3EDC9AD}"
EndProject
Global
	GlobalSection(SolutionConfigurationPlatforms) = preSolution
		Debug|Any CPU = Debug|Any CPU
		Release|Any CPU = Release|Any CPU
	EndGlobalSection
	GlobalSection(ProjectConfigurationPlatforms) = postSolution
		{2D617933-97D7-4A5E-9558-532BF3EDC9AD}.Debug|Any CPU.ActiveCfg = Debug|Any CPU
		{2D617933-97D7-4A5E-9558-532BF3EDC9AD}.Debug|Any CPU.Build.0 = Debug|Any CPU
		{2D617933-97D7-4A5E-9558-532BF3EDC9AD}.Release|Any CPU.ActiveCfg = Release|Any CPU
		{2D617933-97D7-4A5E-9558-532BF3EDC9AD}.Release|Any CPU.Build.0 = Release|Any CPU
	EndGlobalSection
	GlobalSection(SolutionProperties) = preSolution
		HideSolutionNode = FALSE
	EndGlobalSection
	GlobalSection(ExtensibilityGlobals) = postSolution
		SolutionGuid = {2C1864A3-0480-422F-90E4-0872C3EE0C0F}
	EndGlobalSection
EndGlobal
