
Microsoft Visual Studio Solution File, Format Version 12.00
# Visual Studio Version 17
VisualStudioVersion = 17.11.35208.52
MinimumVisualStudioVersion = 10.0.40219.1
Project("{FAE04EC0-301F-11D3-BF4B-00C04F79EFBC}") = "Footgolf_VB", "Footgolf_VB.csproj", "{0DAA1EC2-D5E4-4839-B0C7-B27A52D639BC}"
EndProject
Project("{FAE04EC0-301F-11D3-BF4B-00C04F79EFBC}") = "Footgolf_VB_Lib", "..\Footgolf_VB_Lib\Footgolf_VB_Lib.csproj", "{C3657F02-216E-4F37-8DA3-C1CBEFA20222}"
EndProject
Global
	GlobalSection(SolutionConfigurationPlatforms) = preSolution
		Debug|Any CPU = Debug|Any CPU
		Release|Any CPU = Release|Any CPU
	EndGlobalSection
	GlobalSection(ProjectConfigurationPlatforms) = postSolution
		{0DAA1EC2-D5E4-4839-B0C7-B27A52D639BC}.Debug|Any CPU.ActiveCfg = Debug|Any CPU
		{0DAA1EC2-D5E4-4839-B0C7-B27A52D639BC}.Debug|Any CPU.Build.0 = Debug|Any CPU
		{0DAA1EC2-D5E4-4839-B0C7-B27A52D639BC}.Release|Any CPU.ActiveCfg = Release|Any CPU
		{0DAA1EC2-D5E4-4839-B0C7-B27A52D639BC}.Release|Any CPU.Build.0 = Release|Any CPU
		{C3657F02-216E-4F37-8DA3-C1CBEFA20222}.Debug|Any CPU.ActiveCfg = Debug|Any CPU
		{C3657F02-216E-4F37-8DA3-C1CBEFA20222}.Debug|Any CPU.Build.0 = Debug|Any CPU
		{C3657F02-216E-4F37-8DA3-C1CBEFA20222}.Release|Any CPU.ActiveCfg = Release|Any CPU
		{C3657F02-216E-4F37-8DA3-C1CBEFA20222}.Release|Any CPU.Build.0 = Release|Any CPU
	EndGlobalSection
	GlobalSection(SolutionProperties) = preSolution
		HideSolutionNode = FALSE
	EndGlobalSection
	GlobalSection(ExtensibilityGlobals) = postSolution
		SolutionGuid = {5C56F5F9-1408-4217-98C7-78BBD7BF02A9}
	EndGlobalSection
EndGlobal
