
Microsoft Visual Studio Solution File, Format Version 12.00
# Visual Studio Version 17
VisualStudioVersion = 17.11.35208.52
MinimumVisualStudioVersion = 10.0.40219.1
Project("{FAE04EC0-301F-11D3-BF4B-00C04F79EFBC}") = "Tombok", "Tombok\Tombok.csproj", "{DFCFC959-7EA3-4599-B960-2035A651B4E6}"
EndProject
Global
	GlobalSection(SolutionConfigurationPlatforms) = preSolution
		Debug|Any CPU = Debug|Any CPU
		Release|Any CPU = Release|Any CPU
	EndGlobalSection
	GlobalSection(ProjectConfigurationPlatforms) = postSolution
		{DFCFC959-7EA3-4599-B960-2035A651B4E6}.Debug|Any CPU.ActiveCfg = Debug|Any CPU
		{DFCFC959-7EA3-4599-B960-2035A651B4E6}.Debug|Any CPU.Build.0 = Debug|Any CPU
		{DFCFC959-7EA3-4599-B960-2035A651B4E6}.Release|Any CPU.ActiveCfg = Release|Any CPU
		{DFCFC959-7EA3-4599-B960-2035A651B4E6}.Release|Any CPU.Build.0 = Release|Any CPU
	EndGlobalSection
	GlobalSection(SolutionProperties) = preSolution
		HideSolutionNode = FALSE
	EndGlobalSection
	GlobalSection(ExtensibilityGlobals) = postSolution
		SolutionGuid = {A84EB94B-172D-4C3F-9E6E-12C557CB9940}
	EndGlobalSection
EndGlobal
