
Microsoft Visual Studio Solution File, Format Version 12.00
# Visual Studio Version 17
VisualStudioVersion = 17.11.35208.52
MinimumVisualStudioVersion = 10.0.40219.1
Project("{FAE04EC0-301F-11D3-BF4B-00C04F79EFBC}") = "Busojaras", "Busojaras.csproj", "{9E03392F-C5CD-4075-ACE1-3821E67269C8}"
EndProject
Global
	GlobalSection(SolutionConfigurationPlatforms) = preSolution
		Debug|Any CPU = Debug|Any CPU
		Release|Any CPU = Release|Any CPU
	EndGlobalSection
	GlobalSection(ProjectConfigurationPlatforms) = postSolution
		{9E03392F-C5CD-4075-ACE1-3821E67269C8}.Debug|Any CPU.ActiveCfg = Debug|Any CPU
		{9E03392F-C5CD-4075-ACE1-3821E67269C8}.Debug|Any CPU.Build.0 = Debug|Any CPU
		{9E03392F-C5CD-4075-ACE1-3821E67269C8}.Release|Any CPU.ActiveCfg = Release|Any CPU
		{9E03392F-C5CD-4075-ACE1-3821E67269C8}.Release|Any CPU.Build.0 = Release|Any CPU
	EndGlobalSection
	GlobalSection(SolutionProperties) = preSolution
		HideSolutionNode = FALSE
	EndGlobalSection
	GlobalSection(ExtensibilityGlobals) = postSolution
		SolutionGuid = {23F87F63-4977-4A47-B55F-F3BE6405AA8C}
	EndGlobalSection
EndGlobal
