
Microsoft Visual Studio Solution File, Format Version 12.00
# Visual Studio Version 17
VisualStudioVersion = 17.14.36811.4 d17.14
MinimumVisualStudioVersion = 10.0.40219.1
Project("{FAE04EC0-301F-11D3-BF4B-00C04F79EFBC}") = "Konyvtar_VB", "Konyvtar_VB.csproj", "{B8CFFA63-06CF-4604-BE60-3F693DF4C6A8}"
EndProject
Global
	GlobalSection(SolutionConfigurationPlatforms) = preSolution
		Debug|Any CPU = Debug|Any CPU
		Release|Any CPU = Release|Any CPU
	EndGlobalSection
	GlobalSection(ProjectConfigurationPlatforms) = postSolution
		{B8CFFA63-06CF-4604-BE60-3F693DF4C6A8}.Debug|Any CPU.ActiveCfg = Debug|Any CPU
		{B8CFFA63-06CF-4604-BE60-3F693DF4C6A8}.Debug|Any CPU.Build.0 = Debug|Any CPU
		{B8CFFA63-06CF-4604-BE60-3F693DF4C6A8}.Release|Any CPU.ActiveCfg = Release|Any CPU
		{B8CFFA63-06CF-4604-BE60-3F693DF4C6A8}.Release|Any CPU.Build.0 = Release|Any CPU
	EndGlobalSection
	GlobalSection(SolutionProperties) = preSolution
		HideSolutionNode = FALSE
	EndGlobalSection
	GlobalSection(ExtensibilityGlobals) = postSolution
		SolutionGuid = {F3579F69-588F-4967-B0DC-9592FBB76E40}
	EndGlobalSection
EndGlobal
