
Microsoft Visual Studio Solution File, Format Version 12.00
# Visual Studio Version 17
VisualStudioVersion = 17.11.35208.52
MinimumVisualStudioVersion = 10.0.40219.1
Project("{FAE04EC0-301F-11D3-BF4B-00C04F79EFBC}") = "VB_szekv_elag", "VB_szekv_elag\VB_szekv_elag.csproj", "{CBD76767-277B-4CF1-ACE0-F85367FDCD0B}"
EndProject
Global
	GlobalSection(SolutionConfigurationPlatforms) = preSolution
		Debug|Any CPU = Debug|Any CPU
		Release|Any CPU = Release|Any CPU
	EndGlobalSection
	GlobalSection(ProjectConfigurationPlatforms) = postSolution
		{CBD76767-277B-4CF1-ACE0-F85367FDCD0B}.Debug|Any CPU.ActiveCfg = Debug|Any CPU
		{CBD76767-277B-4CF1-ACE0-F85367FDCD0B}.Debug|Any CPU.Build.0 = Debug|Any CPU
		{CBD76767-277B-4CF1-ACE0-F85367FDCD0B}.Release|Any CPU.ActiveCfg = Release|Any CPU
		{CBD76767-277B-4CF1-ACE0-F85367FDCD0B}.Release|Any CPU.Build.0 = Release|Any CPU
	EndGlobalSection
	GlobalSection(SolutionProperties) = preSolution
		HideSolutionNode = FALSE
	EndGlobalSection
	GlobalSection(ExtensibilityGlobals) = postSolution
		SolutionGuid = {48486C17-DFF8-476B-8040-5D668C02AE03}
	EndGlobalSection
EndGlobal
