
Microsoft Visual Studio Solution File, Format Version 12.00
# Visual Studio Version 17
VisualStudioVersion = 17.11.35208.52
MinimumVisualStudioVersion = 10.0.40219.1
Project("{FAE04EC0-301F-11D3-BF4B-00C04F79EFBC}") = "Croods_VB", "Croods_VB.csproj", "{F06C29C2-2425-40BB-899E-8890851A5AFE}"
EndProject
Project("{FAE04EC0-301F-11D3-BF4B-00C04F79EFBC}") = "Croods_VB_Lib", "..\Croods_VB_Lib\Croods_VB_Lib.csproj", "{B8BABE90-7E33-40E1-B383-ED4D14E1E3F2}"
EndProject
Global
	GlobalSection(SolutionConfigurationPlatforms) = preSolution
		Debug|Any CPU = Debug|Any CPU
		Release|Any CPU = Release|Any CPU
	EndGlobalSection
	GlobalSection(ProjectConfigurationPlatforms) = postSolution
		{F06C29C2-2425-40BB-899E-8890851A5AFE}.Debug|Any CPU.ActiveCfg = Debug|Any CPU
		{F06C29C2-2425-40BB-899E-8890851A5AFE}.Debug|Any CPU.Build.0 = Debug|Any CPU
		{F06C29C2-2425-40BB-899E-8890851A5AFE}.Release|Any CPU.ActiveCfg = Release|Any CPU
		{F06C29C2-2425-40BB-899E-8890851A5AFE}.Release|Any CPU.Build.0 = Release|Any CPU
		{B8BABE90-7E33-40E1-B383-ED4D14E1E3F2}.Debug|Any CPU.ActiveCfg = Debug|Any CPU
		{B8BABE90-7E33-40E1-B383-ED4D14E1E3F2}.Debug|Any CPU.Build.0 = Debug|Any CPU
		{B8BABE90-7E33-40E1-B383-ED4D14E1E3F2}.Release|Any CPU.ActiveCfg = Release|Any CPU
		{B8BABE90-7E33-40E1-B383-ED4D14E1E3F2}.Release|Any CPU.Build.0 = Release|Any CPU
	EndGlobalSection
	GlobalSection(SolutionProperties) = preSolution
		HideSolutionNode = FALSE
	EndGlobalSection
	GlobalSection(ExtensibilityGlobals) = postSolution
		SolutionGuid = {ADBF5C70-20A0-4538-9598-F73FF8F68579}
	EndGlobalSection
EndGlobal
