
Microsoft Visual Studio Solution File, Format Version 12.00
# Visual Studio Version 17
VisualStudioVersion = 17.11.35208.52
MinimumVisualStudioVersion = 10.0.40219.1
Project("{FAE04EC0-301F-11D3-BF4B-00C04F79EFBC}") = "DoWhile", "DoWhile\DoWhile.csproj", "{AD18EFE4-591C-47C8-A785-A4868871C574}"
EndProject
Global
	GlobalSection(SolutionConfigurationPlatforms) = preSolution
		Debug|Any CPU = Debug|Any CPU
		Release|Any CPU = Release|Any CPU
	EndGlobalSection
	GlobalSection(ProjectConfigurationPlatforms) = postSolution
		{AD18EFE4-591C-47C8-A785-A4868871C574}.Debug|Any CPU.ActiveCfg = Debug|Any CPU
		{AD18EFE4-591C-47C8-A785-A4868871C574}.Debug|Any CPU.Build.0 = Debug|Any CPU
		{AD18EFE4-591C-47C8-A785-A4868871C574}.Release|Any CPU.ActiveCfg = Release|Any CPU
		{AD18EFE4-591C-47C8-A785-A4868871C574}.Release|Any CPU.Build.0 = Release|Any CPU
	EndGlobalSection
	GlobalSection(SolutionProperties) = preSolution
		HideSolutionNode = FALSE
	EndGlobalSection
	GlobalSection(ExtensibilityGlobals) = postSolution
		SolutionGuid = {EAB93CA0-EDE5-467D-BD1C-1FCD647BBAC1}
	EndGlobalSection
EndGlobal
