
Microsoft Visual Studio Solution File, Format Version 12.00
# Visual Studio Version 17
VisualStudioVersion = 17.11.35208.52
MinimumVisualStudioVersion = 10.0.40219.1
Project("{FAE04EC0-301F-11D3-BF4B-00C04F79EFBC}") = "VB_SzamoloCiklus_StringFuggvenyek", "VB_SzamoloCiklus_StringFuggvenyek\VB_SzamoloCiklus_StringFuggvenyek.csproj", "{2D84F3E2-49A7-44A8-902E-7B19FE2793C9}"
EndProject
Global
	GlobalSection(SolutionConfigurationPlatforms) = preSolution
		Debug|Any CPU = Debug|Any CPU
		Release|Any CPU = Release|Any CPU
	EndGlobalSection
	GlobalSection(ProjectConfigurationPlatforms) = postSolution
		{2D84F3E2-49A7-44A8-902E-7B19FE2793C9}.Debug|Any CPU.ActiveCfg = Debug|Any CPU
		{2D84F3E2-49A7-44A8-902E-7B19FE2793C9}.Debug|Any CPU.Build.0 = Debug|Any CPU
		{2D84F3E2-49A7-44A8-902E-7B19FE2793C9}.Release|Any CPU.ActiveCfg = Release|Any CPU
		{2D84F3E2-49A7-44A8-902E-7B19FE2793C9}.Release|Any CPU.Build.0 = Release|Any CPU
	EndGlobalSection
	GlobalSection(SolutionProperties) = preSolution
		HideSolutionNode = FALSE
	EndGlobalSection
	GlobalSection(ExtensibilityGlobals) = postSolution
		SolutionGuid = {45B478D1-9385-485D-A9AB-B02EA002F9C3}
	EndGlobalSection
EndGlobal
