
Microsoft Visual Studio Solution File, Format Version 12.00
# Visual Studio Version 17
VisualStudioVersion = 17.11.35208.52
MinimumVisualStudioVersion = 10.0.40219.1
Project("{FAE04EC0-301F-11D3-BF4B-00C04F79EFBC}") = "Szekvencia", "Szekvencia\Szekvencia.csproj", "{D253D248-F35B-47EC-A85B-A7C9BB459619}"
EndProject
Global
	GlobalSection(SolutionConfigurationPlatforms) = preSolution
		Debug|Any CPU = Debug|Any CPU
		Release|Any CPU = Release|Any CPU
	EndGlobalSection
	GlobalSection(ProjectConfigurationPlatforms) = postSolution
		{D253D248-F35B-47EC-A85B-A7C9BB459619}.Debug|Any CPU.ActiveCfg = Debug|Any CPU
		{D253D248-F35B-47EC-A85B-A7C9BB459619}.Debug|Any CPU.Build.0 = Debug|Any CPU
		{D253D248-F35B-47EC-A85B-A7C9BB459619}.Release|Any CPU.ActiveCfg = Release|Any CPU
		{D253D248-F35B-47EC-A85B-A7C9BB459619}.Release|Any CPU.Build.0 = Release|Any CPU
	EndGlobalSection
	GlobalSection(SolutionProperties) = preSolution
		HideSolutionNode = FALSE
	EndGlobalSection
	GlobalSection(ExtensibilityGlobals) = postSolution
		SolutionGuid = {6FF08EA7-0A16-4C07-8529-F1ADD647A77F}
	EndGlobalSection
EndGlobal
