
Microsoft Visual Studio Solution File, Format Version 12.00
# Visual Studio Version 17
VisualStudioVersion = 17.11.35208.52
MinimumVisualStudioVersion = 10.0.40219.1
Project("{FAE04EC0-301F-11D3-BF4B-00C04F79EFBC}") = "TobbiranyuElagazasSwitch", "TobbiranyuElagazasSwitch\TobbiranyuElagazasSwitch.csproj", "{FDA377EA-ACE9-4A52-8AAE-5B3ACB460CE2}"
EndProject
Global
	GlobalSection(SolutionConfigurationPlatforms) = preSolution
		Debug|Any CPU = Debug|Any CPU
		Release|Any CPU = Release|Any CPU
	EndGlobalSection
	GlobalSection(ProjectConfigurationPlatforms) = postSolution
		{FDA377EA-ACE9-4A52-8AAE-5B3ACB460CE2}.Debug|Any CPU.ActiveCfg = Debug|Any CPU
		{FDA377EA-ACE9-4A52-8AAE-5B3ACB460CE2}.Debug|Any CPU.Build.0 = Debug|Any CPU
		{FDA377EA-ACE9-4A52-8AAE-5B3ACB460CE2}.Release|Any CPU.ActiveCfg = Release|Any CPU
		{FDA377EA-ACE9-4A52-8AAE-5B3ACB460CE2}.Release|Any CPU.Build.0 = Release|Any CPU
	EndGlobalSection
	GlobalSection(SolutionProperties) = preSolution
		HideSolutionNode = FALSE
	EndGlobalSection
	GlobalSection(ExtensibilityGlobals) = postSolution
		SolutionGuid = {129198D0-4893-42BD-AAB0-DAA1ECF4F8A7}
	EndGlobalSection
EndGlobal
