
Microsoft Visual Studio Solution File, Format Version 12.00
# Visual Studio Version 17
VisualStudioVersion = 17.12.35506.116 d17.12
MinimumVisualStudioVersion = 10.0.40219.1
Project("{FAE04EC0-301F-11D3-BF4B-00C04F79EFBC}") = "Kondi", "Kondi\Kondi.csproj", "{7AA89596-3697-40C5-B83E-20FAA4A72CFB}"
EndProject
Global
	GlobalSection(SolutionConfigurationPlatforms) = preSolution
		Debug|Any CPU = Debug|Any CPU
		Release|Any CPU = Release|Any CPU
	EndGlobalSection
	GlobalSection(ProjectConfigurationPlatforms) = postSolution
		{7AA89596-3697-40C5-B83E-20FAA4A72CFB}.Debug|Any CPU.ActiveCfg = Debug|Any CPU
		{7AA89596-3697-40C5-B83E-20FAA4A72CFB}.Debug|Any CPU.Build.0 = Debug|Any CPU
		{7AA89596-3697-40C5-B83E-20FAA4A72CFB}.Release|Any CPU.ActiveCfg = Release|Any CPU
		{7AA89596-3697-40C5-B83E-20FAA4A72CFB}.Release|Any CPU.Build.0 = Release|Any CPU
	EndGlobalSection
	GlobalSection(SolutionProperties) = preSolution
		HideSolutionNode = FALSE
	EndGlobalSection
EndGlobal
