
Microsoft Visual Studio Solution File, Format Version 12.00
# Visual Studio Version 17
VisualStudioVersion = 17.11.35208.52
MinimumVisualStudioVersion = 10.0.40219.1
Project("{FAE04EC0-301F-11D3-BF4B-00C04F79EFBC}") = "Teglalap", "Teglalap.csproj", "{527142F4-D19F-4C69-A7DA-A3ABF964E0CE}"
EndProject
Global
	GlobalSection(SolutionConfigurationPlatforms) = preSolution
		Debug|Any CPU = Debug|Any CPU
		Release|Any CPU = Release|Any CPU
	EndGlobalSection
	GlobalSection(ProjectConfigurationPlatforms) = postSolution
		{527142F4-D19F-4C69-A7DA-A3ABF964E0CE}.Debug|Any CPU.ActiveCfg = Debug|Any CPU
		{527142F4-D19F-4C69-A7DA-A3ABF964E0CE}.Debug|Any CPU.Build.0 = Debug|Any CPU
		{527142F4-D19F-4C69-A7DA-A3ABF964E0CE}.Release|Any CPU.ActiveCfg = Release|Any CPU
		{527142F4-D19F-4C69-A7DA-A3ABF964E0CE}.Release|Any CPU.Build.0 = Release|Any CPU
	EndGlobalSection
	GlobalSection(SolutionProperties) = preSolution
		HideSolutionNode = FALSE
	EndGlobalSection
	GlobalSection(ExtensibilityGlobals) = postSolution
		SolutionGuid = {9E815CB9-554F-4438-AC9D-C574BC46F65A}
	EndGlobalSection
EndGlobal
