
Microsoft Visual Studio Solution File, Format Version 12.00
# Visual Studio Version 17
VisualStudioVersion = 17.8.34511.84
MinimumVisualStudioVersion = 10.0.40219.1
Project("{FAE04EC0-301F-11D3-BF4B-00C04F79EFBC}") = "Interface_PL", "Interface_PL\Interface_PL.csproj", "{618935D3-DCBB-4D0E-880F-B024CE8A86D4}"
EndProject
Global
	GlobalSection(SolutionConfigurationPlatforms) = preSolution
		Debug|Any CPU = Debug|Any CPU
		Release|Any CPU = Release|Any CPU
	EndGlobalSection
	GlobalSection(ProjectConfigurationPlatforms) = postSolution
		{618935D3-DCBB-4D0E-880F-B024CE8A86D4}.Debug|Any CPU.ActiveCfg = Debug|Any CPU
		{618935D3-DCBB-4D0E-880F-B024CE8A86D4}.Debug|Any CPU.Build.0 = Debug|Any CPU
		{618935D3-DCBB-4D0E-880F-B024CE8A86D4}.Release|Any CPU.ActiveCfg = Release|Any CPU
		{618935D3-DCBB-4D0E-880F-B024CE8A86D4}.Release|Any CPU.Build.0 = Release|Any CPU
	EndGlobalSection
	GlobalSection(SolutionProperties) = preSolution
		HideSolutionNode = FALSE
	EndGlobalSection
	GlobalSection(ExtensibilityGlobals) = postSolution
		SolutionGuid = {590541AC-83BA-473E-92B5-6D6A8BE6A3F2}
	EndGlobalSection
EndGlobal
