
Microsoft Visual Studio Solution File, Format Version 12.00
# Visual Studio Version 17
VisualStudioVersion = 17.14.36414.22 d17.14
MinimumVisualStudioVersion = 10.0.40219.1
Project("{FAE04EC0-301F-11D3-BF4B-00C04F79EFBC}") = "Hegyek_VB", "Hegyek_VB.csproj", "{4A9B9AB2-851B-4334-96B9-DEED001DB77A}"
EndProject
Global
	GlobalSection(SolutionConfigurationPlatforms) = preSolution
		Debug|Any CPU = Debug|Any CPU
		Release|Any CPU = Release|Any CPU
	EndGlobalSection
	GlobalSection(ProjectConfigurationPlatforms) = postSolution
		{4A9B9AB2-851B-4334-96B9-DEED001DB77A}.Debug|Any CPU.ActiveCfg = Debug|Any CPU
		{4A9B9AB2-851B-4334-96B9-DEED001DB77A}.Debug|Any CPU.Build.0 = Debug|Any CPU
		{4A9B9AB2-851B-4334-96B9-DEED001DB77A}.Release|Any CPU.ActiveCfg = Release|Any CPU
		{4A9B9AB2-851B-4334-96B9-DEED001DB77A}.Release|Any CPU.Build.0 = Release|Any CPU
	EndGlobalSection
	GlobalSection(SolutionProperties) = preSolution
		HideSolutionNode = FALSE
	EndGlobalSection
	GlobalSection(ExtensibilityGlobals) = postSolution
		SolutionGuid = {4F343FB4-5845-41B5-B2CA-68D7D2778C4F}
	EndGlobalSection
EndGlobal
