
Microsoft Visual Studio Solution File, Format Version 12.00
# Visual Studio Version 17
VisualStudioVersion = 17.11.35208.52
MinimumVisualStudioVersion = 10.0.40219.1
Project("{FAE04EC0-301F-11D3-BF4B-00C04F79EFBC}") = "Scoobydoo", "Scoobydoo.csproj", "{EE5D2D8B-25A7-420D-8323-E972B3F61818}"
EndProject
Global
	GlobalSection(SolutionConfigurationPlatforms) = preSolution
		Debug|Any CPU = Debug|Any CPU
		Release|Any CPU = Release|Any CPU
	EndGlobalSection
	GlobalSection(ProjectConfigurationPlatforms) = postSolution
		{EE5D2D8B-25A7-420D-8323-E972B3F61818}.Debug|Any CPU.ActiveCfg = Debug|Any CPU
		{EE5D2D8B-25A7-420D-8323-E972B3F61818}.Debug|Any CPU.Build.0 = Debug|Any CPU
		{EE5D2D8B-25A7-420D-8323-E972B3F61818}.Release|Any CPU.ActiveCfg = Release|Any CPU
		{EE5D2D8B-25A7-420D-8323-E972B3F61818}.Release|Any CPU.Build.0 = Release|Any CPU
	EndGlobalSection
	GlobalSection(SolutionProperties) = preSolution
		HideSolutionNode = FALSE
	EndGlobalSection
	GlobalSection(ExtensibilityGlobals) = postSolution
		SolutionGuid = {EEBAD071-63E8-4A71-80C8-994F753F7399}
	EndGlobalSection
EndGlobal
