
Microsoft Visual Studio Solution File, Format Version 12.00
# Visual Studio Version 17
VisualStudioVersion = 17.14.36511.14 d17.14
MinimumVisualStudioVersion = 10.0.40219.1
Project("{FAE04EC0-301F-11D3-BF4B-00C04F79EFBC}") = "Uzemanyag", "Uzemanyag\Uzemanyag.csproj", "{0129589D-CD34-453C-84BD-170776A870A9}"
EndProject
Project("{FAE04EC0-301F-11D3-BF4B-00C04F79EFBC}") = "Uzemanyag_Lib", "Uzemanyag_Lib\Uzemanyag_Lib.csproj", "{7AC3875F-6757-49B9-952E-A457B3045A7F}"
EndProject
Global
	GlobalSection(SolutionConfigurationPlatforms) = preSolution
		Debug|Any CPU = Debug|Any CPU
		Release|Any CPU = Release|Any CPU
	EndGlobalSection
	GlobalSection(ProjectConfigurationPlatforms) = postSolution
		{0129589D-CD34-453C-84BD-170776A870A9}.Debug|Any CPU.ActiveCfg = Debug|Any CPU
		{0129589D-CD34-453C-84BD-170776A870A9}.Debug|Any CPU.Build.0 = Debug|Any CPU
		{0129589D-CD34-453C-84BD-170776A870A9}.Release|Any CPU.ActiveCfg = Release|Any CPU
		{0129589D-CD34-453C-84BD-170776A870A9}.Release|Any CPU.Build.0 = Release|Any CPU
		{7AC3875F-6757-49B9-952E-A457B3045A7F}.Debug|Any CPU.ActiveCfg = Debug|Any CPU
		{7AC3875F-6757-49B9-952E-A457B3045A7F}.Debug|Any CPU.Build.0 = Debug|Any CPU
		{7AC3875F-6757-49B9-952E-A457B3045A7F}.Release|Any CPU.ActiveCfg = Release|Any CPU
		{7AC3875F-6757-49B9-952E-A457B3045A7F}.Release|Any CPU.Build.0 = Release|Any CPU
	EndGlobalSection
	GlobalSection(SolutionProperties) = preSolution
		HideSolutionNode = FALSE
	EndGlobalSection
	GlobalSection(ExtensibilityGlobals) = postSolution
		SolutionGuid = {0B215D80-B11E-4B44-8568-A2B77923EF3D}
	EndGlobalSection
EndGlobal
