
Microsoft Visual Studio Solution File, Format Version 12.00
# Visual Studio Version 17
VisualStudioVersion = 17.11.35208.52
MinimumVisualStudioVersion = 10.0.40219.1
Project("{FAE04EC0-301F-11D3-BF4B-00C04F79EFBC}") = "ValtozokTipusokMuveletek", "ValtozokTipusokMuveletek\ValtozokTipusokMuveletek.csproj", "{5CADF6F7-4ED4-4B03-8A2D-136EF40546A4}"
EndProject
Global
	GlobalSection(SolutionConfigurationPlatforms) = preSolution
		Debug|Any CPU = Debug|Any CPU
		Release|Any CPU = Release|Any CPU
	EndGlobalSection
	GlobalSection(ProjectConfigurationPlatforms) = postSolution
		{5CADF6F7-4ED4-4B03-8A2D-136EF40546A4}.Debug|Any CPU.ActiveCfg = Debug|Any CPU
		{5CADF6F7-4ED4-4B03-8A2D-136EF40546A4}.Debug|Any CPU.Build.0 = Debug|Any CPU
		{5CADF6F7-4ED4-4B03-8A2D-136EF40546A4}.Release|Any CPU.ActiveCfg = Release|Any CPU
		{5CADF6F7-4ED4-4B03-8A2D-136EF40546A4}.Release|Any CPU.Build.0 = Release|Any CPU
	EndGlobalSection
	GlobalSection(SolutionProperties) = preSolution
		HideSolutionNode = FALSE
	EndGlobalSection
	GlobalSection(ExtensibilityGlobals) = postSolution
		SolutionGuid = {E4E26FEF-29C4-4DC3-A7DA-7116BB04E7DA}
	EndGlobalSection
EndGlobal
