
Microsoft Visual Studio Solution File, Format Version 12.00
# Visual Studio Version 17
VisualStudioVersion = 17.14.37012.4 d17.14
MinimumVisualStudioVersion = 10.0.40219.1
Project("{FAE04EC0-301F-11D3-BF4B-00C04F79EFBC}") = "Tabor_VB_WPF", "Tabor_VB_WPF\Tabor_VB_WPF.csproj", "{45BED2C6-324E-4153-8C8A-0532293CD62C}"
EndProject
Global
	GlobalSection(SolutionConfigurationPlatforms) = preSolution
		Debug|Any CPU = Debug|Any CPU
		Release|Any CPU = Release|Any CPU
	EndGlobalSection
	GlobalSection(ProjectConfigurationPlatforms) = postSolution
		{45BED2C6-324E-4153-8C8A-0532293CD62C}.Debug|Any CPU.ActiveCfg = Debug|Any CPU
		{45BED2C6-324E-4153-8C8A-0532293CD62C}.Debug|Any CPU.Build.0 = Debug|Any CPU
		{45BED2C6-324E-4153-8C8A-0532293CD62C}.Release|Any CPU.ActiveCfg = Release|Any CPU
		{45BED2C6-324E-4153-8C8A-0532293CD62C}.Release|Any CPU.Build.0 = Release|Any CPU
	EndGlobalSection
	GlobalSection(SolutionProperties) = preSolution
		HideSolutionNode = FALSE
	EndGlobalSection
	GlobalSection(ExtensibilityGlobals) = postSolution
		SolutionGuid = {5FFCF8D2-A449-4FB4-B0A3-7E344E6CFD39}
	EndGlobalSection
EndGlobal
