
Microsoft Visual Studio Solution File, Format Version 12.00
Project("{FAE04EC0-301F-11D3-BF4B-00C04F79EFBC}") = "Csokigyar_VB", "Csokigyar_VB\Csokigyar_VB.csproj", "{A2C9C634-6291-4DFF-9B34-4C9ED0C9539A}"
EndProject
Project("{FAE04EC0-301F-11D3-BF4B-00C04F79EFBC}") = "Csokigyar_VB_Lib", "Csokigyar_VB_Lib\Csokigyar_VB_Lib.csproj", "{631FCC02-AFDE-4AC7-A9E4-51481ADD053B}"
EndProject
Global
	GlobalSection(SolutionConfigurationPlatforms) = preSolution
		Debug|Any CPU = Debug|Any CPU
		Release|Any CPU = Release|Any CPU
	EndGlobalSection
	GlobalSection(ProjectConfigurationPlatforms) = postSolution
		{A2C9C634-6291-4DFF-9B34-4C9ED0C9539A}.Debug|Any CPU.ActiveCfg = Debug|Any CPU
		{A2C9C634-6291-4DFF-9B34-4C9ED0C9539A}.Debug|Any CPU.Build.0 = Debug|Any CPU
		{A2C9C634-6291-4DFF-9B34-4C9ED0C9539A}.Release|Any CPU.ActiveCfg = Release|Any CPU
		{A2C9C634-6291-4DFF-9B34-4C9ED0C9539A}.Release|Any CPU.Build.0 = Release|Any CPU
		{631FCC02-AFDE-4AC7-A9E4-51481ADD053B}.Debug|Any CPU.ActiveCfg = Debug|Any CPU
		{631FCC02-AFDE-4AC7-A9E4-51481ADD053B}.Debug|Any CPU.Build.0 = Debug|Any CPU
		{631FCC02-AFDE-4AC7-A9E4-51481ADD053B}.Release|Any CPU.ActiveCfg = Release|Any CPU
		{631FCC02-AFDE-4AC7-A9E4-51481ADD053B}.Release|Any CPU.Build.0 = Release|Any CPU
	EndGlobalSection
EndGlobal
