
Microsoft Visual Studio Solution File, Format Version 12.00
# Visual Studio Version 17
VisualStudioVersion = 17.13.35931.197 d17.13
MinimumVisualStudioVersion = 10.0.40219.1
Project("{FAE04EC0-301F-11D3-BF4B-00C04F79EFBC}") = "Gepkocsi_VB", "Gepkocsi_VB.csproj", "{298B68E2-91CD-43EE-A96C-D394D81F4252}"
EndProject
Project("{FAE04EC0-301F-11D3-BF4B-00C04F79EFBC}") = "Gepkocsi_VB_Lib", "..\Gepkocsi_VB_Lib\Gepkocsi_VB_Lib.csproj", "{3D99491E-4D6E-4BB7-8F74-3AE7BD5CBD6B}"
EndProject
Global
	GlobalSection(SolutionConfigurationPlatforms) = preSolution
		Debug|Any CPU = Debug|Any CPU
		Release|Any CPU = Release|Any CPU
	EndGlobalSection
	GlobalSection(ProjectConfigurationPlatforms) = postSolution
		{298B68E2-91CD-43EE-A96C-D394D81F4252}.Debug|Any CPU.ActiveCfg = Debug|Any CPU
		{298B68E2-91CD-43EE-A96C-D394D81F4252}.Debug|Any CPU.Build.0 = Debug|Any CPU
		{298B68E2-91CD-43EE-A96C-D394D81F4252}.Release|Any CPU.ActiveCfg = Release|Any CPU
		{298B68E2-91CD-43EE-A96C-D394D81F4252}.Release|Any CPU.Build.0 = Release|Any CPU
		{3D99491E-4D6E-4BB7-8F74-3AE7BD5CBD6B}.Debug|Any CPU.ActiveCfg = Debug|Any CPU
		{3D99491E-4D6E-4BB7-8F74-3AE7BD5CBD6B}.Debug|Any CPU.Build.0 = Debug|Any CPU
		{3D99491E-4D6E-4BB7-8F74-3AE7BD5CBD6B}.Release|Any CPU.ActiveCfg = Release|Any CPU
		{3D99491E-4D6E-4BB7-8F74-3AE7BD5CBD6B}.Release|Any CPU.Build.0 = Release|Any CPU
	EndGlobalSection
	GlobalSection(SolutionProperties) = preSolution
		HideSolutionNode = FALSE
	EndGlobalSection
	GlobalSection(ExtensibilityGlobals) = postSolution
		SolutionGuid = {C2D99430-2767-4F8F-AD14-AAEDEAB54E03}
	EndGlobalSection
EndGlobal
