
Microsoft Visual Studio Solution File, Format Version 12.00
# Visual Studio Version 17
VisualStudioVersion = 17.11.35208.52
MinimumVisualStudioVersion = 10.0.40219.1
Project("{FAE04EC0-301F-11D3-BF4B-00C04F79EFBC}") = "SzovegkezeloFuggvenyek", "SzovegkezeloFuggvenyek\SzovegkezeloFuggvenyek.csproj", "{920D1C45-B537-47CF-8CCE-9BC3AAC05E44}"
EndProject
Global
	GlobalSection(SolutionConfigurationPlatforms) = preSolution
		Debug|Any CPU = Debug|Any CPU
		Release|Any CPU = Release|Any CPU
	EndGlobalSection
	GlobalSection(ProjectConfigurationPlatforms) = postSolution
		{920D1C45-B537-47CF-8CCE-9BC3AAC05E44}.Debug|Any CPU.ActiveCfg = Debug|Any CPU
		{920D1C45-B537-47CF-8CCE-9BC3AAC05E44}.Debug|Any CPU.Build.0 = Debug|Any CPU
		{920D1C45-B537-47CF-8CCE-9BC3AAC05E44}.Release|Any CPU.ActiveCfg = Release|Any CPU
		{920D1C45-B537-47CF-8CCE-9BC3AAC05E44}.Release|Any CPU.Build.0 = Release|Any CPU
	EndGlobalSection
	GlobalSection(SolutionProperties) = preSolution
		HideSolutionNode = FALSE
	EndGlobalSection
	GlobalSection(ExtensibilityGlobals) = postSolution
		SolutionGuid = {D29A42CA-5856-4DEC-9C62-67FC78E3EE31}
	EndGlobalSection
EndGlobal
